
Microsoft Visual Studio Solution File, Format Version 12.00
# Visual Studio Version 17
VisualStudioVersion = 17.9.34607.119
MinimumVisualStudioVersion = 10.0.40219.1
Project("{FAE04EC0-301F-11D3-BF4B-00C04F79EFBC}") = "Jamidar", "Jamidar\Jamidar.csproj", "{C6EEC230-A490-4BCB-BED3-6E23970DCBB9}"
EndProject
Global
	GlobalSection(SolutionConfigurationPlatforms) = preSolution
		Debug|Any CPU = Debug|Any CPU
		Release|Any CPU = Release|Any CPU
	EndGlobalSection
	GlobalSection(ProjectConfigurationPlatforms) = postSolution
		{C6EEC230-A490-4BCB-BED3-6E23970DCBB9}.Debug|Any CPU.ActiveCfg = Debug|Any CPU
		{C6EEC230-A490-4BCB-BED3-6E23970DCBB9}.Debug|Any CPU.Build.0 = Debug|Any CPU
		{C6EEC230-A490-4BCB-BED3-6E23970DCBB9}.Release|Any CPU.ActiveCfg = Release|Any CPU
		{C6EEC230-A490-4BCB-BED3-6E23970DCBB9}.Release|Any CPU.Build.0 = Release|Any CPU
	EndGlobalSection
	GlobalSection(SolutionProperties) = preSolution
		HideSolutionNode = FALSE
	EndGlobalSection
	GlobalSection(ExtensibilityGlobals) = postSolution
		SolutionGuid = {13959B97-B01C-4BA8-9607-E12DA3C79CC0}
	EndGlobalSection
EndGlobal
